
Microsoft Visual Studio Solution File, Format Version 12.00
# Visual Studio Version 17
VisualStudioVersion = 17.2.32616.157
MinimumVisualStudioVersion = 10.0.40219.1
Project("{9A19103F-16F7-4668-BE54-9A1E7A4F7556}") = "BBSK_Psycho", "BBSK_Psycho.csproj", "{29AC0F56-4E49-475C-BEED-EA8974C91BFC}"
EndProject
Global
	GlobalSection(SolutionConfigurationPlatforms) = preSolution
		Debug|Any CPU = Debug|Any CPU
		Release|Any CPU = Release|Any CPU
	EndGlobalSection
	GlobalSection(ProjectConfigurationPlatforms) = postSolution
		{29AC0F56-4E49-475C-BEED-EA8974C91BFC}.Debug|Any CPU.ActiveCfg = Debug|Any CPU
		{29AC0F56-4E49-475C-BEED-EA8974C91BFC}.Debug|Any CPU.Build.0 = Debug|Any CPU
		{29AC0F56-4E49-475C-BEED-EA8974C91BFC}.Release|Any CPU.ActiveCfg = Release|Any CPU
		{29AC0F56-4E49-475C-BEED-EA8974C91BFC}.Release|Any CPU.Build.0 = Release|Any CPU
	EndGlobalSection
	GlobalSection(SolutionProperties) = preSolution
		HideSolutionNode = FALSE
	EndGlobalSection
	GlobalSection(ExtensibilityGlobals) = postSolution
		SolutionGuid = {D46FACED-DD87-41FB-9506-337907F8C79D}
	EndGlobalSection
EndGlobal
